
Microsoft Visual Studio Solution File, Format Version 12.00
# Visual Studio Version 17
VisualStudioVersion = 17.11.35327.3
MinimumVisualStudioVersion = 10.0.40219.1
Project("{FAE04EC0-301F-11D3-BF4B-00C04F79EFBC}") = "DraftPRG282", "DraftPRG282.csproj", "{492A89C6-9A3B-44C4-B04C-7D8CA368E4E7}"
EndProject
Global
	GlobalSection(SolutionConfigurationPlatforms) = preSolution
		Debug|Any CPU = Debug|Any CPU
		Release|Any CPU = Release|Any CPU
	EndGlobalSection
	GlobalSection(ProjectConfigurationPlatforms) = postSolution
		{492A89C6-9A3B-44C4-B04C-7D8CA368E4E7}.Debug|Any CPU.ActiveCfg = Debug|Any CPU
		{492A89C6-9A3B-44C4-B04C-7D8CA368E4E7}.Debug|Any CPU.Build.0 = Debug|Any CPU
		{492A89C6-9A3B-44C4-B04C-7D8CA368E4E7}.Release|Any CPU.ActiveCfg = Release|Any CPU
		{492A89C6-9A3B-44C4-B04C-7D8CA368E4E7}.Release|Any CPU.Build.0 = Release|Any CPU
	EndGlobalSection
	GlobalSection(SolutionProperties) = preSolution
		HideSolutionNode = FALSE
	EndGlobalSection
	GlobalSection(ExtensibilityGlobals) = postSolution
		SolutionGuid = {A35D895D-94C0-403E-AD15-6BE5A2FB2E36}
	EndGlobalSection
EndGlobal
